
Microsoft Visual Studio Solution File, Format Version 12.00
# Visual Studio Version 17
VisualStudioVersion = 17.4.33205.214
MinimumVisualStudioVersion = 10.0.40219.1
Project("{FAE04EC0-301F-11D3-BF4B-00C04F79EFBC}") = "WSClinica", "WSClinica\WSClinica.csproj", "{3290E22E-D9BF-4FE6-89D7-05BFD90F3A93}"
EndProject
Global
	GlobalSection(SolutionConfigurationPlatforms) = preSolution
		Debug|Any CPU = Debug|Any CPU
		Release|Any CPU = Release|Any CPU
	EndGlobalSection
	GlobalSection(ProjectConfigurationPlatforms) = postSolution
		{3290E22E-D9BF-4FE6-89D7-05BFD90F3A93}.Debug|Any CPU.ActiveCfg = Debug|Any CPU
		{3290E22E-D9BF-4FE6-89D7-05BFD90F3A93}.Debug|Any CPU.Build.0 = Debug|Any CPU
		{3290E22E-D9BF-4FE6-89D7-05BFD90F3A93}.Release|Any CPU.ActiveCfg = Release|Any CPU
		{3290E22E-D9BF-4FE6-89D7-05BFD90F3A93}.Release|Any CPU.Build.0 = Release|Any CPU
	EndGlobalSection
	GlobalSection(SolutionProperties) = preSolution
		HideSolutionNode = FALSE
	EndGlobalSection
	GlobalSection(ExtensibilityGlobals) = postSolution
		SolutionGuid = {77711080-7BE1-4450-9B49-7328FA3A2306}
	EndGlobalSection
EndGlobal
